// !$*UTF8*$!
{
	archiveVersion = 1;
	classes = {
	};
	objectVersion = 56;
	objects = {

/* Begin PBXBuildFile section */
		EC53AC322A1FA938003BAFED /* CourseView.swift in Sources */ = {isa = PBXBuildFile; fileRef = EC53AC312A1FA938003BAFED /* CourseView.swift */; };
		EC53AC342A1FAEC3003BAFED /* UESummaryView.swift in Sources */ = {isa = PBXBuildFile; fileRef = EC53AC332A1FAEC3003BAFED /* UESummaryView.swift */; };
		EC53AC362A1FB51B003BAFED /* UEDetailPage.swift in Sources */ = {isa = PBXBuildFile; fileRef = EC53AC352A1FB51B003BAFED /* UEDetailPage.swift */; };
		EC53AC392A200940003BAFED /* Colors.xcassets in Resources */ = {isa = PBXBuildFile; fileRef = EC53AC382A200940003BAFED /* Colors.xcassets */; };
		EC53AC3B2A20098A003BAFED /* Colors.swift in Sources */ = {isa = PBXBuildFile; fileRef = EC53AC3A2A20098A003BAFED /* Colors.swift */; };
		EC53AC3D2A200A8D003BAFED /* BlockRowView.swift in Sources */ = {isa = PBXBuildFile; fileRef = EC53AC3C2A200A8D003BAFED /* BlockRowView.swift */; };
		EC5BCB572A25EAB500BFFB72 /* UEEditView.swift in Sources */ = {isa = PBXBuildFile; fileRef = EC5BCB562A25EAB500BFFB72 /* UEEditView.swift */; };
		EC5BCB5C2A25F2D900BFFB72 /* CourseEditView.swift in Sources */ = {isa = PBXBuildFile; fileRef = EC5BCB5B2A25F2D900BFFB72 /* CourseEditView.swift */; };
		EC5BCB5E2A25F83200BFFB72 /* CourseItemView.swift in Sources */ = {isa = PBXBuildFile; fileRef = EC5BCB5D2A25F83200BFFB72 /* CourseItemView.swift */; };
		EC78B68B2A20B0C400F646E4 /* UCAverageViewModel in Frameworks */ = {isa = PBXBuildFile; productRef = EC78B68A2A20B0C400F646E4 /* UCAverageViewModel */; };
		EC78B68D2A20B85000F646E4 /* UCAverageStub in Frameworks */ = {isa = PBXBuildFile; productRef = EC78B68C2A20B85000F646E4 /* UCAverageStub */; };
		ECA694E02A200DF7009F5E53 /* UEListView.swift in Sources */ = {isa = PBXBuildFile; fileRef = ECA694DF2A200DF7009F5E53 /* UEListView.swift */; };
		ECA694E22A200E46009F5E53 /* BlocksView.swift in Sources */ = {isa = PBXBuildFile; fileRef = ECA694E12A200E46009F5E53 /* BlocksView.swift */; };
		ECDA041D2A1EAF7E007B6A3B /* UCAverageApp.swift in Sources */ = {isa = PBXBuildFile; fileRef = ECDA041C2A1EAF7E007B6A3B /* UCAverageApp.swift */; };
		ECDA041F2A1EAF7E007B6A3B /* HomePage.swift in Sources */ = {isa = PBXBuildFile; fileRef = ECDA041E2A1EAF7E007B6A3B /* HomePage.swift */; };
		ECDA04212A1EAF7E007B6A3B /* Assets.xcassets in Resources */ = {isa = PBXBuildFile; fileRef = ECDA04202A1EAF7E007B6A3B /* Assets.xcassets */; };
		ECDA04242A1EAF7E007B6A3B /* Preview Assets.xcassets in Resources */ = {isa = PBXBuildFile; fileRef = ECDA04232A1EAF7E007B6A3B /* Preview Assets.xcassets */; };
		ECDA042C2A1EAFE2007B6A3B /* UCAverageModel in Frameworks */ = {isa = PBXBuildFile; productRef = ECDA042B2A1EAFE2007B6A3B /* UCAverageModel */; };
		ECFEB2352A2CEE41004F6FF2 /* SimpleSlider.swift in Sources */ = {isa = PBXBuildFile; fileRef = ECFEB2342A2CEE41004F6FF2 /* SimpleSlider.swift */; };
		ECFEB2392A2CF12A004F6FF2 /* CourseMarkSlider.swift in Sources */ = {isa = PBXBuildFile; fileRef = ECFEB2382A2CF12A004F6FF2 /* CourseMarkSlider.swift */; };
		ECFEB23B2A2D14DE004F6FF2 /* MarkSlider.swift in Sources */ = {isa = PBXBuildFile; fileRef = ECFEB23A2A2D14DE004F6FF2 /* MarkSlider.swift */; };
/* End PBXBuildFile section */

/* Begin PBXFileReference section */
		EC53AC312A1FA938003BAFED /* CourseView.swift */ = {isa = PBXFileReference; lastKnownFileType = sourcecode.swift; path = CourseView.swift; sourceTree = "<group>"; };
		EC53AC332A1FAEC3003BAFED /* UESummaryView.swift */ = {isa = PBXFileReference; lastKnownFileType = sourcecode.swift; path = UESummaryView.swift; sourceTree = "<group>"; };
		EC53AC352A1FB51B003BAFED /* UEDetailPage.swift */ = {isa = PBXFileReference; lastKnownFileType = sourcecode.swift; path = UEDetailPage.swift; sourceTree = "<group>"; };
		EC53AC382A200940003BAFED /* Colors.xcassets */ = {isa = PBXFileReference; lastKnownFileType = folder.assetcatalog; path = Colors.xcassets; sourceTree = "<group>"; };
		EC53AC3A2A20098A003BAFED /* Colors.swift */ = {isa = PBXFileReference; lastKnownFileType = sourcecode.swift; path = Colors.swift; sourceTree = "<group>"; };
		EC53AC3C2A200A8D003BAFED /* BlockRowView.swift */ = {isa = PBXFileReference; lastKnownFileType = sourcecode.swift; path = BlockRowView.swift; sourceTree = "<group>"; };
		EC5BCB562A25EAB500BFFB72 /* UEEditView.swift */ = {isa = PBXFileReference; lastKnownFileType = sourcecode.swift; path = UEEditView.swift; sourceTree = "<group>"; };
		EC5BCB5B2A25F2D900BFFB72 /* CourseEditView.swift */ = {isa = PBXFileReference; lastKnownFileType = sourcecode.swift; path = CourseEditView.swift; sourceTree = "<group>"; };
		EC5BCB5D2A25F83200BFFB72 /* CourseItemView.swift */ = {isa = PBXFileReference; lastKnownFileType = sourcecode.swift; path = CourseItemView.swift; sourceTree = "<group>"; };
		EC78B6882A20A70B00F646E4 /* UCAverageModel */ = {isa = PBXFileReference; lastKnownFileType = wrapper; name = UCAverageModel; path = ../UCAverageModel; sourceTree = "<group>"; };
		EC78B6892A20B08E00F646E4 /* UCAverageViewModel */ = {isa = PBXFileReference; lastKnownFileType = wrapper; name = UCAverageViewModel; path = ../UCAverageViewModel; sourceTree = "<group>"; };
		ECA694DF2A200DF7009F5E53 /* UEListView.swift */ = {isa = PBXFileReference; lastKnownFileType = sourcecode.swift; path = UEListView.swift; sourceTree = "<group>"; };
		ECA694E12A200E46009F5E53 /* BlocksView.swift */ = {isa = PBXFileReference; lastKnownFileType = sourcecode.swift; path = BlocksView.swift; sourceTree = "<group>"; };
		ECDA04192A1EAF7E007B6A3B /* UCAverageApp.app */ = {isa = PBXFileReference; explicitFileType = wrapper.application; includeInIndex = 0; path = UCAverageApp.app; sourceTree = BUILT_PRODUCTS_DIR; };
		ECDA041C2A1EAF7E007B6A3B /* UCAverageApp.swift */ = {isa = PBXFileReference; lastKnownFileType = sourcecode.swift; path = UCAverageApp.swift; sourceTree = "<group>"; };
		ECDA041E2A1EAF7E007B6A3B /* HomePage.swift */ = {isa = PBXFileReference; lastKnownFileType = sourcecode.swift; path = HomePage.swift; sourceTree = "<group>"; };
		ECDA04202A1EAF7E007B6A3B /* Assets.xcassets */ = {isa = PBXFileReference; lastKnownFileType = folder.assetcatalog; path = Assets.xcassets; sourceTree = "<group>"; };
		ECDA04232A1EAF7E007B6A3B /* Preview Assets.xcassets */ = {isa = PBXFileReference; lastKnownFileType = folder.assetcatalog; path = "Preview Assets.xcassets"; sourceTree = "<group>"; };
		ECFEB2342A2CEE41004F6FF2 /* SimpleSlider.swift */ = {isa = PBXFileReference; lastKnownFileType = sourcecode.swift; path = SimpleSlider.swift; sourceTree = "<group>"; };
		ECFEB2382A2CF12A004F6FF2 /* CourseMarkSlider.swift */ = {isa = PBXFileReference; lastKnownFileType = sourcecode.swift; path = CourseMarkSlider.swift; sourceTree = "<group>"; };
		ECFEB23A2A2D14DE004F6FF2 /* MarkSlider.swift */ = {isa = PBXFileReference; lastKnownFileType = sourcecode.swift; path = MarkSlider.swift; sourceTree = "<group>"; };
/* End PBXFileReference section */

/* Begin PBXFrameworksBuildPhase section */
		ECDA04162A1EAF7E007B6A3B /* Frameworks */ = {
			isa = PBXFrameworksBuildPhase;
			buildActionMask = 2147483647;
			files = (
				ECDA042C2A1EAFE2007B6A3B /* UCAverageModel in Frameworks */,
				EC78B68B2A20B0C400F646E4 /* UCAverageViewModel in Frameworks */,
				EC78B68D2A20B85000F646E4 /* UCAverageStub in Frameworks */,
			);
			runOnlyForDeploymentPostprocessing = 0;
		};
/* End PBXFrameworksBuildPhase section */

/* Begin PBXGroup section */
		EC53AC2F2A1FA8F0003BAFED /* Pages */ = {
			isa = PBXGroup;
			children = (
				ECDA041E2A1EAF7E007B6A3B /* HomePage.swift */,
				EC53AC352A1FB51B003BAFED /* UEDetailPage.swift */,
			);
			path = Pages;
			sourceTree = "<group>";
		};
		EC53AC302A1FA8FB003BAFED /* Views */ = {
			isa = PBXGroup;
			children = (
				EC53AC402A200CCF003BAFED /* UEs */,
				EC53AC3F2A200CCA003BAFED /* Blocks */,
				EC53AC3E2A200CC3003BAFED /* Courses */,
			);
			path = Views;
			sourceTree = "<group>";
		};
		EC53AC372A200933003BAFED /* Assets */ = {
			isa = PBXGroup;
			children = (
				ECDA04202A1EAF7E007B6A3B /* Assets.xcassets */,
				EC53AC382A200940003BAFED /* Colors.xcassets */,
				EC53AC3A2A20098A003BAFED /* Colors.swift */,
			);
			path = Assets;
			sourceTree = "<group>";
		};
		EC53AC3E2A200CC3003BAFED /* Courses */ = {
			isa = PBXGroup;
			children = (
				EC53AC312A1FA938003BAFED /* CourseView.swift */,
				EC5BCB5B2A25F2D900BFFB72 /* CourseEditView.swift */,
				EC5BCB5D2A25F83200BFFB72 /* CourseItemView.swift */,
				ECFEB2382A2CF12A004F6FF2 /* CourseMarkSlider.swift */,
			);
			path = Courses;
			sourceTree = "<group>";
		};
		EC53AC3F2A200CCA003BAFED /* Blocks */ = {
			isa = PBXGroup;
			children = (
				EC53AC3C2A200A8D003BAFED /* BlockRowView.swift */,
				ECA694E12A200E46009F5E53 /* BlocksView.swift */,
			);
			path = Blocks;
			sourceTree = "<group>";
		};
		EC53AC402A200CCF003BAFED /* UEs */ = {
			isa = PBXGroup;
			children = (
				EC53AC332A1FAEC3003BAFED /* UESummaryView.swift */,
				ECA694DF2A200DF7009F5E53 /* UEListView.swift */,
				EC5BCB562A25EAB500BFFB72 /* UEEditView.swift */,
			);
			path = UEs;
			sourceTree = "<group>";
		};
		EC78B6872A20A70B00F646E4 /* Packages */ = {
			isa = PBXGroup;
			children = (
				EC78B6882A20A70B00F646E4 /* UCAverageModel */,
				EC78B6892A20B08E00F646E4 /* UCAverageViewModel */,
			);
			name = Packages;
			sourceTree = "<group>";
		};
		ECDA04102A1EAF7E007B6A3B = {
			isa = PBXGroup;
			children = (
				EC78B6872A20A70B00F646E4 /* Packages */,
				ECDA041B2A1EAF7E007B6A3B /* UCAverageApp */,
				ECDA041A2A1EAF7E007B6A3B /* Products */,
				ECDA042A2A1EAFE2007B6A3B /* Frameworks */,
			);
			sourceTree = "<group>";
		};
		ECDA041A2A1EAF7E007B6A3B /* Products */ = {
			isa = PBXGroup;
			children = (
				ECDA04192A1EAF7E007B6A3B /* UCAverageApp.app */,
			);
			name = Products;
			sourceTree = "<group>";
		};
		ECDA041B2A1EAF7E007B6A3B /* UCAverageApp */ = {
			isa = PBXGroup;
			children = (
				ECFEB2332A2CEDBB004F6FF2 /* Components */,
				EC53AC372A200933003BAFED /* Assets */,
				EC53AC302A1FA8FB003BAFED /* Views */,
				EC53AC2F2A1FA8F0003BAFED /* Pages */,
				ECDA041C2A1EAF7E007B6A3B /* UCAverageApp.swift */,
				ECDA04222A1EAF7E007B6A3B /* Preview Content */,
			);
			path = UCAverageApp;
			sourceTree = "<group>";
		};
		ECDA04222A1EAF7E007B6A3B /* Preview Content */ = {
			isa = PBXGroup;
			children = (
				ECDA04232A1EAF7E007B6A3B /* Preview Assets.xcassets */,
			);
			path = "Preview Content";
			sourceTree = "<group>";
		};
		ECDA042A2A1EAFE2007B6A3B /* Frameworks */ = {
			isa = PBXGroup;
			children = (
			);
			name = Frameworks;
			sourceTree = "<group>";
		};
		ECFEB2332A2CEDBB004F6FF2 /* Components */ = {
			isa = PBXGroup;
			children = (
				ECFEB2342A2CEE41004F6FF2 /* SimpleSlider.swift */,
				ECFEB23A2A2D14DE004F6FF2 /* MarkSlider.swift */,
			);
			path = Components;
			sourceTree = "<group>";
		};
/* End PBXGroup section */

/* Begin PBXNativeTarget section */
		ECDA04182A1EAF7E007B6A3B /* UCAverageApp */ = {
			isa = PBXNativeTarget;
			buildConfigurationList = ECDA04272A1EAF7E007B6A3B /* Build configuration list for PBXNativeTarget "UCAverageApp" */;
			buildPhases = (
				ECDA04152A1EAF7E007B6A3B /* Sources */,
				ECDA04162A1EAF7E007B6A3B /* Frameworks */,
				ECDA04172A1EAF7E007B6A3B /* Resources */,
			);
			buildRules = (
			);
			dependencies = (
			);
			name = UCAverageApp;
			packageProductDependencies = (
				ECDA042B2A1EAFE2007B6A3B /* UCAverageModel */,
				EC78B68A2A20B0C400F646E4 /* UCAverageViewModel */,
				EC78B68C2A20B85000F646E4 /* UCAverageStub */,
			);
			productName = UCAverageApp;
			productReference = ECDA04192A1EAF7E007B6A3B /* UCAverageApp.app */;
			productType = "com.apple.product-type.application";
		};
/* End PBXNativeTarget section */

/* Begin PBXProject section */
		ECDA04112A1EAF7E007B6A3B /* Project object */ = {
			isa = PBXProject;
			attributes = {
				BuildIndependentTargetsInParallel = 1;
				LastSwiftUpdateCheck = 1430;
				LastUpgradeCheck = 1430;
				TargetAttributes = {
					ECDA04182A1EAF7E007B6A3B = {
						CreatedOnToolsVersion = 14.3;
					};
				};
			};
			buildConfigurationList = ECDA04142A1EAF7E007B6A3B /* Build configuration list for PBXProject "UCAverageApp" */;
			compatibilityVersion = "Xcode 14.0";
			developmentRegion = en;
			hasScannedForEncodings = 0;
			knownRegions = (
				en,
				Base,
			);
			mainGroup = ECDA04102A1EAF7E007B6A3B;
			productRefGroup = ECDA041A2A1EAF7E007B6A3B /* Products */;
			projectDirPath = "";
			projectRoot = "";
			targets = (
				ECDA04182A1EAF7E007B6A3B /* UCAverageApp */,
			);
		};
/* End PBXProject section */

/* Begin PBXResourcesBuildPhase section */
		ECDA04172A1EAF7E007B6A3B /* Resources */ = {
			isa = PBXResourcesBuildPhase;
			buildActionMask = 2147483647;
			files = (
				EC53AC392A200940003BAFED /* Colors.xcassets in Resources */,
				ECDA04242A1EAF7E007B6A3B /* Preview Assets.xcassets in Resources */,
				ECDA04212A1EAF7E007B6A3B /* Assets.xcassets in Resources */,
			);
			runOnlyForDeploymentPostprocessing = 0;
		};
/* End PBXResourcesBuildPhase section */

/* Begin PBXSourcesBuildPhase section */
		ECDA04152A1EAF7E007B6A3B /* Sources */ = {
			isa = PBXSourcesBuildPhase;
			buildActionMask = 2147483647;
			files = (
				ECDA041F2A1EAF7E007B6A3B /* HomePage.swift in Sources */,
				EC53AC3D2A200A8D003BAFED /* BlockRowView.swift in Sources */,
				EC5BCB5E2A25F83200BFFB72 /* CourseItemView.swift in Sources */,
				EC53AC3B2A20098A003BAFED /* Colors.swift in Sources */,
				EC53AC362A1FB51B003BAFED /* UEDetailPage.swift in Sources */,
				ECA694E02A200DF7009F5E53 /* UEListView.swift in Sources */,
				EC53AC342A1FAEC3003BAFED /* UESummaryView.swift in Sources */,
				EC5BCB572A25EAB500BFFB72 /* UEEditView.swift in Sources */,
				ECFEB2352A2CEE41004F6FF2 /* SimpleSlider.swift in Sources */,
				ECFEB2392A2CF12A004F6FF2 /* CourseMarkSlider.swift in Sources */,
				ECFEB23B2A2D14DE004F6FF2 /* MarkSlider.swift in Sources */,
				ECA694E22A200E46009F5E53 /* BlocksView.swift in Sources */,
				ECDA041D2A1EAF7E007B6A3B /* UCAverageApp.swift in Sources */,
				EC5BCB5C2A25F2D900BFFB72 /* CourseEditView.swift in Sources */,
				EC53AC322A1FA938003BAFED /* CourseView.swift in Sources */,
			);
			runOnlyForDeploymentPostprocessing = 0;
		};
/* End PBXSourcesBuildPhase section */

/* Begin XCBuildConfiguration section */
		ECDA04252A1EAF7E007B6A3B /* Debug */ = {
			isa = XCBuildConfiguration;
			buildSettings = {
				ALWAYS_SEARCH_USER_PATHS = NO;
				CLANG_ANALYZER_NONNULL = YES;
				CLANG_ANALYZER_NUMBER_OBJECT_CONVERSION = YES_AGGRESSIVE;
				CLANG_CXX_LANGUAGE_STANDARD = "gnu++20";
				CLANG_ENABLE_MODULES = YES;
				CLANG_ENABLE_OBJC_ARC = YES;
				CLANG_ENABLE_OBJC_WEAK = YES;
				CLANG_WARN_BLOCK_CAPTURE_AUTORELEASING = YES;
				CLANG_WARN_BOOL_CONVERSION = YES;
				CLANG_WARN_COMMA = YES;
				CLANG_WARN_CONSTANT_CONVERSION = YES;
				CLANG_WARN_DEPRECATED_OBJC_IMPLEMENTATIONS = YES;
				CLANG_WARN_DIRECT_OBJC_ISA_USAGE = YES_ERROR;
				CLANG_WARN_DOCUMENTATION_COMMENTS = YES;
				CLANG_WARN_EMPTY_BODY = YES;
				CLANG_WARN_ENUM_CONVERSION = YES;
				CLANG_WARN_INFINITE_RECURSION = YES;
				CLANG_WARN_INT_CONVERSION = YES;
				CLANG_WARN_NON_LITERAL_NULL_CONVERSION = YES;
				CLANG_WARN_OBJC_IMPLICIT_RETAIN_SELF = YES;
				CLANG_WARN_OBJC_LITERAL_CONVERSION = YES;
				CLANG_WARN_OBJC_ROOT_CLASS = YES_ERROR;
				CLANG_WARN_QUOTED_INCLUDE_IN_FRAMEWORK_HEADER = YES;
				CLANG_WARN_RANGE_LOOP_ANALYSIS = YES;
				CLANG_WARN_STRICT_PROTOTYPES = YES;
				CLANG_WARN_SUSPICIOUS_MOVE = YES;
				CLANG_WARN_UNGUARDED_AVAILABILITY = YES_AGGRESSIVE;
				CLANG_WARN_UNREACHABLE_CODE = YES;
				CLANG_WARN__DUPLICATE_METHOD_MATCH = YES;
				COPY_PHASE_STRIP = NO;
				DEBUG_INFORMATION_FORMAT = dwarf;
				ENABLE_STRICT_OBJC_MSGSEND = YES;
				ENABLE_TESTABILITY = YES;
				GCC_C_LANGUAGE_STANDARD = gnu11;
				GCC_DYNAMIC_NO_PIC = NO;
				GCC_NO_COMMON_BLOCKS = YES;
				GCC_OPTIMIZATION_LEVEL = 0;
				GCC_PREPROCESSOR_DEFINITIONS = (
					"DEBUG=1",
					"$(inherited)",
				);
				GCC_WARN_64_TO_32_BIT_CONVERSION = YES;
				GCC_WARN_ABOUT_RETURN_TYPE = YES_ERROR;
				GCC_WARN_UNDECLARED_SELECTOR = YES;
				GCC_WARN_UNINITIALIZED_AUTOS = YES_AGGRESSIVE;
				GCC_WARN_UNUSED_FUNCTION = YES;
				GCC_WARN_UNUSED_VARIABLE = YES;
				IPHONEOS_DEPLOYMENT_TARGET = 16.4;
				MTL_ENABLE_DEBUG_INFO = INCLUDE_SOURCE;
				MTL_FAST_MATH = YES;
				ONLY_ACTIVE_ARCH = YES;
				SDKROOT = iphoneos;
				SWIFT_ACTIVE_COMPILATION_CONDITIONS = DEBUG;
				SWIFT_OPTIMIZATION_LEVEL = "-Onone";
			};
			name = Debug;
		};
		ECDA04262A1EAF7E007B6A3B /* Release */ = {
			isa = XCBuildConfiguration;
			buildSettings = {
				ALWAYS_SEARCH_USER_PATHS = NO;
				CLANG_ANALYZER_NONNULL = YES;
				CLANG_ANALYZER_NUMBER_OBJECT_CONVERSION = YES_AGGRESSIVE;
				CLANG_CXX_LANGUAGE_STANDARD = "gnu++20";
				CLANG_ENABLE_MODULES = YES;
				CLANG_ENABLE_OBJC_ARC = YES;
				CLANG_ENABLE_OBJC_WEAK = YES;
				CLANG_WARN_BLOCK_CAPTURE_AUTORELEASING = YES;
				CLANG_WARN_BOOL_CONVERSION = YES;
				CLANG_WARN_COMMA = YES;
				CLANG_WARN_CONSTANT_CONVERSION = YES;
				CLANG_WARN_DEPRECATED_OBJC_IMPLEMENTATIONS = YES;
				CLANG_WARN_DIRECT_OBJC_ISA_USAGE = YES_ERROR;
				CLANG_WARN_DOCUMENTATION_COMMENTS = YES;
				CLANG_WARN_EMPTY_BODY = YES;
				CLANG_WARN_ENUM_CONVERSION = YES;
				CLANG_WARN_INFINITE_RECURSION = YES;
				CLANG_WARN_INT_CONVERSION = YES;
				CLANG_WARN_NON_LITERAL_NULL_CONVERSION = YES;
				CLANG_WARN_OBJC_IMPLICIT_RETAIN_SELF = YES;
				CLANG_WARN_OBJC_LITERAL_CONVERSION = YES;
				CLANG_WARN_OBJC_ROOT_CLASS = YES_ERROR;
				CLANG_WARN_QUOTED_INCLUDE_IN_FRAMEWORK_HEADER = YES;
				CLANG_WARN_RANGE_LOOP_ANALYSIS = YES;
				CLANG_WARN_STRICT_PROTOTYPES = YES;
				CLANG_WARN_SUSPICIOUS_MOVE = YES;
				CLANG_WARN_UNGUARDED_AVAILABILITY = YES_AGGRESSIVE;
				CLANG_WARN_UNREACHABLE_CODE = YES;
				CLANG_WARN__DUPLICATE_METHOD_MATCH = YES;
				COPY_PHASE_STRIP = NO;
				DEBUG_INFORMATION_FORMAT = "dwarf-with-dsym";
				ENABLE_NS_ASSERTIONS = NO;
				ENABLE_STRICT_OBJC_MSGSEND = YES;
				GCC_C_LANGUAGE_STANDARD = gnu11;
				GCC_NO_COMMON_BLOCKS = YES;
				GCC_WARN_64_TO_32_BIT_CONVERSION = YES;
				GCC_WARN_ABOUT_RETURN_TYPE = YES_ERROR;
				GCC_WARN_UNDECLARED_SELECTOR = YES;
				GCC_WARN_UNINITIALIZED_AUTOS = YES_AGGRESSIVE;
				GCC_WARN_UNUSED_FUNCTION = YES;
				GCC_WARN_UNUSED_VARIABLE = YES;
				IPHONEOS_DEPLOYMENT_TARGET = 16.4;
				MTL_ENABLE_DEBUG_INFO = NO;
				MTL_FAST_MATH = YES;
				SDKROOT = iphoneos;
				SWIFT_COMPILATION_MODE = wholemodule;
				SWIFT_OPTIMIZATION_LEVEL = "-O";
				VALIDATE_PRODUCT = YES;
			};
			name = Release;
		};
		ECDA04282A1EAF7E007B6A3B /* Debug */ = {
			isa = XCBuildConfiguration;
			buildSettings = {
				ASSETCATALOG_COMPILER_APPICON_NAME = AppIcon;
				ASSETCATALOG_COMPILER_GLOBAL_ACCENT_COLOR_NAME = AccentColor;
				CODE_SIGN_STYLE = Automatic;
				CURRENT_PROJECT_VERSION = 1;
				DEVELOPMENT_ASSET_PATHS = "\"UCAverageApp/Preview Content\"";
				ENABLE_PREVIEWS = YES;
				GENERATE_INFOPLIST_FILE = YES;
				INFOPLIST_KEY_UIApplicationSceneManifest_Generation = YES;
				INFOPLIST_KEY_UIApplicationSupportsIndirectInputEvents = YES;
				INFOPLIST_KEY_UILaunchScreen_Generation = YES;
				INFOPLIST_KEY_UISupportedInterfaceOrientations_iPad = "UIInterfaceOrientationPortrait UIInterfaceOrientationPortraitUpsideDown UIInterfaceOrientationLandscapeLeft UIInterfaceOrientationLandscapeRight";
				INFOPLIST_KEY_UISupportedInterfaceOrientations_iPhone = "UIInterfaceOrientationPortrait UIInterfaceOrientationLandscapeLeft UIInterfaceOrientationLandscapeRight";
				LD_RUNPATH_SEARCH_PATHS = (
					"$(inherited)",
					"@executable_path/Frameworks",
				);
				MARKETING_VERSION = 1.0;
				PRODUCT_BUNDLE_IDENTIFIER = fr.uca.iut.UCAverageApp;
				PRODUCT_NAME = "$(TARGET_NAME)";
				SWIFT_EMIT_LOC_STRINGS = YES;
				SWIFT_VERSION = 5.0;
				TARGETED_DEVICE_FAMILY = "1,2";
			};
			name = Debug;
		};
		ECDA04292A1EAF7E007B6A3B /* Release */ = {
			isa = XCBuildConfiguration;
			buildSettings = {
				ASSETCATALOG_COMPILER_APPICON_NAME = AppIcon;
				ASSETCATALOG_COMPILER_GLOBAL_ACCENT_COLOR_NAME = AccentColor;
				CODE_SIGN_STYLE = Automatic;
				CURRENT_PROJECT_VERSION = 1;
				DEVELOPMENT_ASSET_PATHS = "\"UCAverageApp/Preview Content\"";
				ENABLE_PREVIEWS = YES;
				GENERATE_INFOPLIST_FILE = YES;
				INFOPLIST_KEY_UIApplicationSceneManifest_Generation = YES;
				INFOPLIST_KEY_UIApplicationSupportsIndirectInputEvents = YES;
				INFOPLIST_KEY_UILaunchScreen_Generation = YES;
				INFOPLIST_KEY_UISupportedInterfaceOrientations_iPad = "UIInterfaceOrientationPortrait UIInterfaceOrientationPortraitUpsideDown UIInterfaceOrientationLandscapeLeft UIInterfaceOrientationLandscapeRight";
				INFOPLIST_KEY_UISupportedInterfaceOrientations_iPhone = "UIInterfaceOrientationPortrait UIInterfaceOrientationLandscapeLeft UIInterfaceOrientationLandscapeRight";
				LD_RUNPATH_SEARCH_PATHS = (
					"$(inherited)",
					"@executable_path/Frameworks",
				);
				MARKETING_VERSION = 1.0;
				PRODUCT_BUNDLE_IDENTIFIER = fr.uca.iut.UCAverageApp;
				PRODUCT_NAME = "$(TARGET_NAME)";
				SWIFT_EMIT_LOC_STRINGS = YES;
				SWIFT_VERSION = 5.0;
				TARGETED_DEVICE_FAMILY = "1,2";
			};
			name = Release;
		};
/* End XCBuildConfiguration section */

/* Begin XCConfigurationList section */
		ECDA04142A1EAF7E007B6A3B /* Build configuration list for PBXProject "UCAverageApp" */ = {
			isa = XCConfigurationList;
			buildConfigurations = (
				ECDA04252A1EAF7E007B6A3B /* Debug */,
				ECDA04262A1EAF7E007B6A3B /* Release */,
			);
			defaultConfigurationIsVisible = 0;
			defaultConfigurationName = Release;
		};
		ECDA04272A1EAF7E007B6A3B /* Build configuration list for PBXNativeTarget "UCAverageApp" */ = {
			isa = XCConfigurationList;
			buildConfigurations = (
				ECDA04282A1EAF7E007B6A3B /* Debug */,
				ECDA04292A1EAF7E007B6A3B /* Release */,
			);
			defaultConfigurationIsVisible = 0;
			defaultConfigurationName = Release;
		};
/* End XCConfigurationList section */

/* Begin XCSwiftPackageProductDependency section */
		EC78B68A2A20B0C400F646E4 /* UCAverageViewModel */ = {
			isa = XCSwiftPackageProductDependency;
			productName = UCAverageViewModel;
		};
		EC78B68C2A20B85000F646E4 /* UCAverageStub */ = {
			isa = XCSwiftPackageProductDependency;
			productName = UCAverageStub;
		};
		ECDA042B2A1EAFE2007B6A3B /* UCAverageModel */ = {
			isa = XCSwiftPackageProductDependency;
			productName = UCAverageModel;
		};
/* End XCSwiftPackageProductDependency section */
	};
	rootObject = ECDA04112A1EAF7E007B6A3B /* Project object */;
}
